
Microsoft Visual Studio Solution File, Format Version 12.00
# Visual Studio Version 17
VisualStudioVersion = 17.5.33424.131
MinimumVisualStudioVersion = 10.0.40219.1
Project("{FAE04EC0-301F-11D3-BF4B-00C04F79EFBC}") = "EXCELtoCSV-Converter-using-CSharp", "EXCELtoCSV-Converter-using-CSharp\EXCELtoCSV-Converter-using-CSharp.csproj", "{75FB9FB0-3BF4-42CF-A87D-B14FC5EF8F4E}"
EndProject
Global
	GlobalSection(SolutionConfigurationPlatforms) = preSolution
		Debug|Any CPU = Debug|Any CPU
		Release|Any CPU = Release|Any CPU
	EndGlobalSection
	GlobalSection(ProjectConfigurationPlatforms) = postSolution
		{75FB9FB0-3BF4-42CF-A87D-B14FC5EF8F4E}.Debug|Any CPU.ActiveCfg = Debug|Any CPU
		{75FB9FB0-3BF4-42CF-A87D-B14FC5EF8F4E}.Debug|Any CPU.Build.0 = Debug|Any CPU
		{75FB9FB0-3BF4-42CF-A87D-B14FC5EF8F4E}.Release|Any CPU.ActiveCfg = Release|Any CPU
		{75FB9FB0-3BF4-42CF-A87D-B14FC5EF8F4E}.Release|Any CPU.Build.0 = Release|Any CPU
	EndGlobalSection
	GlobalSection(SolutionProperties) = preSolution
		HideSolutionNode = FALSE
	EndGlobalSection
	GlobalSection(ExtensibilityGlobals) = postSolution
		SolutionGuid = {B9A713E6-543C-4DA9-9952-03F1D3E0570A}
	EndGlobalSection
EndGlobal
